
Microsoft Visual Studio Solution File, Format Version 12.00
Project("{FAE04EC0-301F-11D3-BF4B-00C04F79EFBC}") = "RecordDownloader.API", "RecordDownloader.API\RecordDownloader.API.csproj", "{0789CFE8-2DE3-48FF-A9B6-C69D7FB0D5C9}"
EndProject
Global
	GlobalSection(SolutionConfigurationPlatforms) = preSolution
		Debug|Any CPU = Debug|Any CPU
		Release|Any CPU = Release|Any CPU
	EndGlobalSection
	GlobalSection(ProjectConfigurationPlatforms) = postSolution
		{0789CFE8-2DE3-48FF-A9B6-C69D7FB0D5C9}.Debug|Any CPU.ActiveCfg = Debug|Any CPU
		{0789CFE8-2DE3-48FF-A9B6-C69D7FB0D5C9}.Debug|Any CPU.Build.0 = Debug|Any CPU
		{0789CFE8-2DE3-48FF-A9B6-C69D7FB0D5C9}.Release|Any CPU.ActiveCfg = Release|Any CPU
		{0789CFE8-2DE3-48FF-A9B6-C69D7FB0D5C9}.Release|Any CPU.Build.0 = Release|Any CPU
	EndGlobalSection
EndGlobal
